{
  "version": "5",
  "specifiers": {
    "jsr:@hono/hono@^4.7.10": "4.7.10",
    "npm:@types/node@*": "22.13.9"
  },
  "jsr": {
    "@hono/hono@4.7.10": {
      "integrity": "e59029e252af371abe43e8e4f9a115e38974c6bd5972022372bf89f763269cc7"
    }
  },
  "npm": {
    "@types/node@22.13.9": {
      "integrity": "sha512-acBjXdRJ3A6Pb3tqnw9HZmyR3Fiol3aGxRCK1x3d+6CDAMjl7I649wpSd+yNURCjbOUGu9tqtLKnTGxmK6CyGw==",
      "dependencies": [
        "undici-types"
      ]
    },
    "undici-types@6.20.0": {
      "integrity": "sha512-Ny6QZ2Nju20vw1SRHe3d9jVu6gJ+4e3+MMpqu7pqE5HT6WsTSlce++GQmK5UXS8mzV8DSYHrQH+Xrf2jVcuKNg=="
    }
  },
  "workspace": {
    "dependencies": [
      "jsr:@hono/hono@^4.7.10"
    ]
  }
}
